
Microsoft Visual Studio Solution File, Format Version 12.00
# Visual Studio Version 17
VisualStudioVersion = 17.8.34330.188
MinimumVisualStudioVersion = 10.0.40219.1
Project("{FAE04EC0-301F-11D3-BF4B-00C04F79EFBC}") = "GerenciadorDeBiblioteca", "GerenciadorDeBiblioteca\GerenciadorDeBiblioteca.csproj", "{1DDD71E6-3320-4377-B202-977947210F77}"
EndProject
Global
	GlobalSection(SolutionConfigurationPlatforms) = preSolution
		Debug|Any CPU = Debug|Any CPU
		Release|Any CPU = Release|Any CPU
	EndGlobalSection
	GlobalSection(ProjectConfigurationPlatforms) = postSolution
		{1DDD71E6-3320-4377-B202-977947210F77}.Debug|Any CPU.ActiveCfg = Debug|Any CPU
		{1DDD71E6-3320-4377-B202-977947210F77}.Debug|Any CPU.Build.0 = Debug|Any CPU
		{1DDD71E6-3320-4377-B202-977947210F77}.Release|Any CPU.ActiveCfg = Release|Any CPU
		{1DDD71E6-3320-4377-B202-977947210F77}.Release|Any CPU.Build.0 = Release|Any CPU
	EndGlobalSection
	GlobalSection(SolutionProperties) = preSolution
		HideSolutionNode = FALSE
	EndGlobalSection
	GlobalSection(ExtensibilityGlobals) = postSolution
		SolutionGuid = {29E16109-B3AA-4340-9B57-2013B04994D1}
	EndGlobalSection
EndGlobal
